// !$*UTF8*$!
{
	archiveVersion = 1;
	classes = {
	};
	objectVersion = 46;
	objects = {

/* Begin PBXBuildFile section */
		91049C8A1B4A839400858548 /* AppDelegate.m in Sources */ = {isa = PBXBuildFile; fileRef = 91049C891B4A839400858548 /* AppDelegate.m */; };
		91049C8C1B4A839400858548 /* main.m in Sources */ = {isa = PBXBuildFile; fileRef = 91049C8B1B4A839400858548 /* main.m */; };
		91049C8E1B4A839400858548 /* Images.xcassets in Resources */ = {isa = PBXBuildFile; fileRef = 91049C8D1B4A839400858548 /* Images.xcassets */; };
		91049C911B4A839400858548 /* MainMenu.xib in Resources */ = {isa = PBXBuildFile; fileRef = 91049C8F1B4A839400858548 /* MainMenu.xib */; };
		91049C9D1B4A839400858548 /* ContentCarouselTests.m in Sources */ = {isa = PBXBuildFile; fileRef = 91049C9C1B4A839400858548 /* ContentCarouselTests.m */; };
		91049CBF1B4A908100858548 /* CarouselViewController.m in Sources */ = {isa = PBXBuildFile; fileRef = 91049CBE1B4A908100858548 /* CarouselViewController.m */; };
		91049CC01B4A908100858548 /* CarouselViewController.m in Sources */ = {isa = PBXBuildFile; fileRef = 91049CBE1B4A908100858548 /* CarouselViewController.m */; };
		91049CC31B4A984200858548 /* FolderWatcher.m in Sources */ = {isa = PBXBuildFile; fileRef = 91049CC21B4A984200858548 /* FolderWatcher.m */; };
		91049CC41B4A984200858548 /* FolderWatcher.m in Sources */ = {isa = PBXBuildFile; fileRef = 91049CC21B4A984200858548 /* FolderWatcher.m */; };
		91DB9F7D1B4DDC9B0026C6B1 /* ContentCarouselSettings.plist in Resources */ = {isa = PBXBuildFile; fileRef = 91DB9F7C1B4DDC9B0026C6B1 /* ContentCarouselSettings.plist */; };
		91DB9F861B4EFD140026C6B1 /* CarouselContentRepository.m in Sources */ = {isa = PBXBuildFile; fileRef = 91DB9F851B4EFD140026C6B1 /* CarouselContentRepository.m */; };
		91F768E51B4BFCA0009AC11E /* CarouselImageView.m in Sources */ = {isa = PBXBuildFile; fileRef = 91F768E41B4BFCA0009AC11E /* CarouselImageView.m */; };
		91F768E81B4C007C009AC11E /* CarouselContentView.m in Sources */ = {isa = PBXBuildFile; fileRef = 91F768E71B4C007C009AC11E /* CarouselContentView.m */; };
		91F768EB1B4C17D1009AC11E /* CarouselVideoView.m in Sources */ = {isa = PBXBuildFile; fileRef = 91F768EA1B4C17D1009AC11E /* CarouselVideoView.m */; };
/* End PBXBuildFile section */

/* Begin PBXContainerItemProxy section */
		91049C971B4A839400858548 /* PBXContainerItemProxy */ = {
			isa = PBXContainerItemProxy;
			containerPortal = 91049C7B1B4A839400858548 /* Project object */;
			proxyType = 1;
			remoteGlobalIDString = 91049C821B4A839400858548;
			remoteInfo = ContentCarousel;
		};
/* End PBXContainerItemProxy section */

/* Begin PBXFileReference section */
		91049C831B4A839400858548 /* ContentCarousel.app */ = {isa = PBXFileReference; explicitFileType = wrapper.application; includeInIndex = 0; path = ContentCarousel.app; sourceTree = BUILT_PRODUCTS_DIR; };
		91049C871B4A839400858548 /* Info.plist */ = {isa = PBXFileReference; lastKnownFileType = text.plist.xml; path = Info.plist; sourceTree = "<group>"; };
		91049C881B4A839400858548 /* AppDelegate.h */ = {isa = PBXFileReference; lastKnownFileType = sourcecode.c.h; path = AppDelegate.h; sourceTree = "<group>"; };
		91049C891B4A839400858548 /* AppDelegate.m */ = {isa = PBXFileReference; lastKnownFileType = sourcecode.c.objc; path = AppDelegate.m; sourceTree = "<group>"; };
		91049C8B1B4A839400858548 /* main.m */ = {isa = PBXFileReference; lastKnownFileType = sourcecode.c.objc; path = main.m; sourceTree = "<group>"; };
		91049C8D1B4A839400858548 /* Images.xcassets */ = {isa = PBXFileReference; lastKnownFileType = folder.assetcatalog; path = Images.xcassets; sourceTree = "<group>"; };
		91049C901B4A839400858548 /* Base */ = {isa = PBXFileReference; lastKnownFileType = file.xib; name = Base; path = Base.lproj/MainMenu.xib; sourceTree = "<group>"; };
		91049C961B4A839400858548 /* ContentCarouselTests.xctest */ = {isa = PBXFileReference; explicitFileType = wrapper.cfbundle; includeInIndex = 0; path = ContentCarouselTests.xctest; sourceTree = BUILT_PRODUCTS_DIR; };
		91049C9B1B4A839400858548 /* Info.plist */ = {isa = PBXFileReference; lastKnownFileType = text.plist.xml; path = Info.plist; sourceTree = "<group>"; };
		91049C9C1B4A839400858548 /* ContentCarouselTests.m */ = {isa = PBXFileReference; lastKnownFileType = sourcecode.c.objc; path = ContentCarouselTests.m; sourceTree = "<group>"; };
		91049CBD1B4A908100858548 /* CarouselViewController.h */ = {isa = PBXFileReference; fileEncoding = 4; lastKnownFileType = sourcecode.c.h; path = CarouselViewController.h; sourceTree = "<group>"; };
		91049CBE1B4A908100858548 /* CarouselViewController.m */ = {isa = PBXFileReference; fileEncoding = 4; lastKnownFileType = sourcecode.c.objc; path = CarouselViewController.m; sourceTree = "<group>"; };
		91049CC11B4A984200858548 /* FolderWatcher.h */ = {isa = PBXFileReference; fileEncoding = 4; lastKnownFileType = sourcecode.c.h; path = FolderWatcher.h; sourceTree = "<group>"; };
		91049CC21B4A984200858548 /* FolderWatcher.m */ = {isa = PBXFileReference; fileEncoding = 4; lastKnownFileType = sourcecode.c.objc; path = FolderWatcher.m; sourceTree = "<group>"; };
		91DB9F7C1B4DDC9B0026C6B1 /* ContentCarouselSettings.plist */ = {isa = PBXFileReference; fileEncoding = 4; lastKnownFileType = text.plist.xml; path = ContentCarouselSettings.plist; sourceTree = "<group>"; };
		91DB9F841B4EFD140026C6B1 /* CarouselContentRepository.h */ = {isa = PBXFileReference; fileEncoding = 4; lastKnownFileType = sourcecode.c.h; path = CarouselContentRepository.h; sourceTree = "<group>"; };
		91DB9F851B4EFD140026C6B1 /* CarouselContentRepository.m */ = {isa = PBXFileReference; fileEncoding = 4; lastKnownFileType = sourcecode.c.objc; path = CarouselContentRepository.m; sourceTree = "<group>"; };
		91F768E31B4BFCA0009AC11E /* CarouselImageView.h */ = {isa = PBXFileReference; fileEncoding = 4; lastKnownFileType = sourcecode.c.h; path = CarouselImageView.h; sourceTree = "<group>"; };
		91F768E41B4BFCA0009AC11E /* CarouselImageView.m */ = {isa = PBXFileReference; fileEncoding = 4; lastKnownFileType = sourcecode.c.objc; path = CarouselImageView.m; sourceTree = "<group>"; };
		91F768E61B4C007C009AC11E /* CarouselContentView.h */ = {isa = PBXFileReference; fileEncoding = 4; lastKnownFileType = sourcecode.c.h; path = CarouselContentView.h; sourceTree = "<group>"; };
		91F768E71B4C007C009AC11E /* CarouselContentView.m */ = {isa = PBXFileReference; fileEncoding = 4; lastKnownFileType = sourcecode.c.objc; path = CarouselContentView.m; sourceTree = "<group>"; };
		91F768E91B4C17D1009AC11E /* CarouselVideoView.h */ = {isa = PBXFileReference; fileEncoding = 4; lastKnownFileType = sourcecode.c.h; path = CarouselVideoView.h; sourceTree = "<group>"; };
		91F768EA1B4C17D1009AC11E /* CarouselVideoView.m */ = {isa = PBXFileReference; fileEncoding = 4; lastKnownFileType = sourcecode.c.objc; path = CarouselVideoView.m; sourceTree = "<group>"; };
		91F768EC1B4C1D3B009AC11E /* AVFoundation.framework */ = {isa = PBXFileReference; lastKnownFileType = wrapper.framework; name = AVFoundation.framework; path = System/Library/Frameworks/AVFoundation.framework; sourceTree = SDKROOT; };
		91F768EE1B4C1D3F009AC11E /* AVKit.framework */ = {isa = PBXFileReference; lastKnownFileType = wrapper.framework; name = AVKit.framework; path = System/Library/Frameworks/AVKit.framework; sourceTree = SDKROOT; };
/* End PBXFileReference section */

/* Begin PBXFrameworksBuildPhase section */
		91049C801B4A839400858548 /* Frameworks */ = {
			isa = PBXFrameworksBuildPhase;
			buildActionMask = 2147483647;
			files = (
			);
			runOnlyForDeploymentPostprocessing = 0;
		};
		91049C931B4A839400858548 /* Frameworks */ = {
			isa = PBXFrameworksBuildPhase;
			buildActionMask = 2147483647;
			files = (
			);
			runOnlyForDeploymentPostprocessing = 0;
		};
/* End PBXFrameworksBuildPhase section */

/* Begin PBXGroup section */
		91049C7A1B4A839400858548 = {
			isa = PBXGroup;
			children = (
				91F768EE1B4C1D3F009AC11E /* AVKit.framework */,
				91F768EC1B4C1D3B009AC11E /* AVFoundation.framework */,
				91049C851B4A839400858548 /* ContentCarousel */,
				91049C991B4A839400858548 /* ContentCarouselTests */,
				91049C841B4A839400858548 /* Products */,
			);
			sourceTree = "<group>";
		};
		91049C841B4A839400858548 /* Products */ = {
			isa = PBXGroup;
			children = (
				91049C831B4A839400858548 /* ContentCarousel.app */,
				91049C961B4A839400858548 /* ContentCarouselTests.xctest */,
			);
			name = Products;
			sourceTree = "<group>";
		};
		91049C851B4A839400858548 /* ContentCarousel */ = {
			isa = PBXGroup;
			children = (
				91049C881B4A839400858548 /* AppDelegate.h */,
				91049C891B4A839400858548 /* AppDelegate.m */,
				91049CBD1B4A908100858548 /* CarouselViewController.h */,
				91049CBE1B4A908100858548 /* CarouselViewController.m */,
				91049CC11B4A984200858548 /* FolderWatcher.h */,
				91049CC21B4A984200858548 /* FolderWatcher.m */,
				91DB9F841B4EFD140026C6B1 /* CarouselContentRepository.h */,
				91DB9F851B4EFD140026C6B1 /* CarouselContentRepository.m */,
				91F768E61B4C007C009AC11E /* CarouselContentView.h */,
				91F768E71B4C007C009AC11E /* CarouselContentView.m */,
				91F768E31B4BFCA0009AC11E /* CarouselImageView.h */,
				91F768E41B4BFCA0009AC11E /* CarouselImageView.m */,
				91F768E91B4C17D1009AC11E /* CarouselVideoView.h */,
				91F768EA1B4C17D1009AC11E /* CarouselVideoView.m */,
				91049C8D1B4A839400858548 /* Images.xcassets */,
				91049C8F1B4A839400858548 /* MainMenu.xib */,
				91049C861B4A839400858548 /* Supporting Files */,
				91DB9F7C1B4DDC9B0026C6B1 /* ContentCarouselSettings.plist */,
			);
			path = ContentCarousel;
			sourceTree = "<group>";
		};
		91049C861B4A839400858548 /* Supporting Files */ = {
			isa = PBXGroup;
			children = (
				91049C871B4A839400858548 /* Info.plist */,
				91049C8B1B4A839400858548 /* main.m */,
			);
			name = "Supporting Files";
			sourceTree = "<group>";
		};
		91049C991B4A839400858548 /* ContentCarouselTests */ = {
			isa = PBXGroup;
			children = (
				91049C9C1B4A839400858548 /* ContentCarouselTests.m */,
				91049C9A1B4A839400858548 /* Supporting Files */,
			);
			path = ContentCarouselTests;
			sourceTree = "<group>";
		};
		91049C9A1B4A839400858548 /* Supporting Files */ = {
			isa = PBXGroup;
			children = (
				91049C9B1B4A839400858548 /* Info.plist */,
			);
			name = "Supporting Files";
			sourceTree = "<group>";
		};
/* End PBXGroup section */

/* Begin PBXNativeTarget section */
		91049C821B4A839400858548 /* ContentCarousel */ = {
			isa = PBXNativeTarget;
			buildConfigurationList = 91049CA01B4A839400858548 /* Build configuration list for PBXNativeTarget "ContentCarousel" */;
			buildPhases = (
				91049C7F1B4A839400858548 /* Sources */,
				91049C801B4A839400858548 /* Frameworks */,
				91049C811B4A839400858548 /* Resources */,
			);
			buildRules = (
			);
			dependencies = (
			);
			name = ContentCarousel;
			productName = ContentCarousel;
			productReference = 91049C831B4A839400858548 /* ContentCarousel.app */;
			productType = "com.apple.product-type.application";
		};
		91049C951B4A839400858548 /* ContentCarouselTests */ = {
			isa = PBXNativeTarget;
			buildConfigurationList = 91049CA31B4A839400858548 /* Build configuration list for PBXNativeTarget "ContentCarouselTests" */;
			buildPhases = (
				91049C921B4A839400858548 /* Sources */,
				91049C931B4A839400858548 /* Frameworks */,
				91049C941B4A839400858548 /* Resources */,
			);
			buildRules = (
			);
			dependencies = (
				91049C981B4A839400858548 /* PBXTargetDependency */,
			);
			name = ContentCarouselTests;
			productName = ContentCarouselTests;
			productReference = 91049C961B4A839400858548 /* ContentCarouselTests.xctest */;
			productType = "com.apple.product-type.bundle.unit-test";
		};
/* End PBXNativeTarget section */

/* Begin PBXProject section */
		91049C7B1B4A839400858548 /* Project object */ = {
			isa = PBXProject;
			attributes = {
				LastUpgradeCheck = 0630;
				ORGANIZATIONNAME = oxygn;
				TargetAttributes = {
					91049C821B4A839400858548 = {
						CreatedOnToolsVersion = 6.3.1;
					};
					91049C951B4A839400858548 = {
						CreatedOnToolsVersion = 6.3.1;
						TestTargetID = 91049C821B4A839400858548;
					};
				};
			};
			buildConfigurationList = 91049C7E1B4A839400858548 /* Build configuration list for PBXProject "ContentCarousel" */;
			compatibilityVersion = "Xcode 3.2";
			developmentRegion = English;
			hasScannedForEncodings = 0;
			knownRegions = (
				en,
				Base,
			);
			mainGroup = 91049C7A1B4A839400858548;
			productRefGroup = 91049C841B4A839400858548 /* Products */;
			projectDirPath = "";
			projectRoot = "";
			targets = (
				91049C821B4A839400858548 /* ContentCarousel */,
				91049C951B4A839400858548 /* ContentCarouselTests */,
			);
		};
/* End PBXProject section */

/* Begin PBXResourcesBuildPhase section */
		91049C811B4A839400858548 /* Resources */ = {
			isa = PBXResourcesBuildPhase;
			buildActionMask = 2147483647;
			files = (
				91DB9F7D1B4DDC9B0026C6B1 /* ContentCarouselSettings.plist in Resources */,
				91049C8E1B4A839400858548 /* Images.xcassets in Resources */,
				91049C911B4A839400858548 /* MainMenu.xib in Resources */,
			);
			runOnlyForDeploymentPostprocessing = 0;
		};
		91049C941B4A839400858548 /* Resources */ = {
			isa = PBXResourcesBuildPhase;
			buildActionMask = 2147483647;
			files = (
			);
			runOnlyForDeploymentPostprocessing = 0;
		};
/* End PBXResourcesBuildPhase section */

/* Begin PBXSourcesBuildPhase section */
		91049C7F1B4A839400858548 /* Sources */ = {
			isa = PBXSourcesBuildPhase;
			buildActionMask = 2147483647;
			files = (
				91F768E81B4C007C009AC11E /* CarouselContentView.m in Sources */,
				91049CC31B4A984200858548 /* FolderWatcher.m in Sources */,
				91F768E51B4BFCA0009AC11E /* CarouselImageView.m in Sources */,
				91049CBF1B4A908100858548 /* CarouselViewController.m in Sources */,
				91049C8C1B4A839400858548 /* main.m in Sources */,
				91049C8A1B4A839400858548 /* AppDelegate.m in Sources */,
				91F768EB1B4C17D1009AC11E /* CarouselVideoView.m in Sources */,
				91DB9F861B4EFD140026C6B1 /* CarouselContentRepository.m in Sources */,
			);
			runOnlyForDeploymentPostprocessing = 0;
		};
		91049C921B4A839400858548 /* Sources */ = {
			isa = PBXSourcesBuildPhase;
			buildActionMask = 2147483647;
			files = (
				91049CC41B4A984200858548 /* FolderWatcher.m in Sources */,
				91049CC01B4A908100858548 /* CarouselViewController.m in Sources */,
				91049C9D1B4A839400858548 /* ContentCarouselTests.m in Sources */,
			);
			runOnlyForDeploymentPostprocessing = 0;
		};
/* End PBXSourcesBuildPhase section */

/* Begin PBXTargetDependency section */
		91049C981B4A839400858548 /* PBXTargetDependency */ = {
			isa = PBXTargetDependency;
			target = 91049C821B4A839400858548 /* ContentCarousel */;
			targetProxy = 91049C971B4A839400858548 /* PBXContainerItemProxy */;
		};
/* End PBXTargetDependency section */

/* Begin PBXVariantGroup section */
		91049C8F1B4A839400858548 /* MainMenu.xib */ = {
			isa = PBXVariantGroup;
			children = (
				91049C901B4A839400858548 /* Base */,
			);
			name = MainMenu.xib;
			sourceTree = "<group>";
		};
/* End PBXVariantGroup section */

/* Begin XCBuildConfiguration section */
		91049C9E1B4A839400858548 /* Debug */ = {
			isa = XCBuildConfiguration;
			buildSettings = {
				ALWAYS_SEARCH_USER_PATHS = NO;
				CLANG_CXX_LANGUAGE_STANDARD = "gnu++0x";
				CLANG_CXX_LIBRARY = "libc++";
				CLANG_ENABLE_MODULES = YES;
				CLANG_ENABLE_OBJC_ARC = YES;
				CLANG_WARN_BOOL_CONVERSION = YES;
				CLANG_WARN_CONSTANT_CONVERSION = YES;
				CLANG_WARN_DIRECT_OBJC_ISA_USAGE = YES_ERROR;
				CLANG_WARN_EMPTY_BODY = YES;
				CLANG_WARN_ENUM_CONVERSION = YES;
				CLANG_WARN_INT_CONVERSION = YES;
				CLANG_WARN_OBJC_ROOT_CLASS = YES_ERROR;
				CLANG_WARN_UNREACHABLE_CODE = YES;
				CLANG_WARN__DUPLICATE_METHOD_MATCH = YES;
				CODE_SIGN_IDENTITY = "-";
				COPY_PHASE_STRIP = NO;
				DEBUG_INFORMATION_FORMAT = dwarf;
				ENABLE_STRICT_OBJC_MSGSEND = YES;
				GCC_C_LANGUAGE_STANDARD = gnu99;
				GCC_DYNAMIC_NO_PIC = NO;
				GCC_NO_COMMON_BLOCKS = YES;
				GCC_OPTIMIZATION_LEVEL = 0;
				GCC_PREPROCESSOR_DEFINITIONS = (
					"DEBUG=1",
					"$(inherited)",
				);
				GCC_SYMBOLS_PRIVATE_EXTERN = NO;
				GCC_WARN_64_TO_32_BIT_CONVERSION = YES;
				GCC_WARN_ABOUT_RETURN_TYPE = YES_ERROR;
				GCC_WARN_UNDECLARED_SELECTOR = YES;
				GCC_WARN_UNINITIALIZED_AUTOS = YES_AGGRESSIVE;
				GCC_WARN_UNUSED_FUNCTION = YES;
				GCC_WARN_UNUSED_VARIABLE = YES;
				MACOSX_DEPLOYMENT_TARGET = 10.10;
				MTL_ENABLE_DEBUG_INFO = YES;
				ONLY_ACTIVE_ARCH = YES;
				SDKROOT = macosx;
			};
			name = Debug;
		};
		91049C9F1B4A839400858548 /* Release */ = {
			isa = XCBuildConfiguration;
			buildSettings = {
				ALWAYS_SEARCH_USER_PATHS = NO;
				CLANG_CXX_LANGUAGE_STANDARD = "gnu++0x";
				CLANG_CXX_LIBRARY = "libc++";
				CLANG_ENABLE_MODULES = YES;
				CLANG_ENABLE_OBJC_ARC = YES;
				CLANG_WARN_BOOL_CONVERSION = YES;
				CLANG_WARN_CONSTANT_CONVERSION = YES;
				CLANG_WARN_DIRECT_OBJC_ISA_USAGE = YES_ERROR;
				CLANG_WARN_EMPTY_BODY = YES;
				CLANG_WARN_ENUM_CONVERSION = YES;
				CLANG_WARN_INT_CONVERSION = YES;
				CLANG_WARN_OBJC_ROOT_CLASS = YES_ERROR;
				CLANG_WARN_UNREACHABLE_CODE = YES;
				CLANG_WARN__DUPLICATE_METHOD_MATCH = YES;
				CODE_SIGN_IDENTITY = "-";
				COPY_PHASE_STRIP = NO;
				DEBUG_INFORMATION_FORMAT = "dwarf-with-dsym";
				ENABLE_NS_ASSERTIONS = NO;
				ENABLE_STRICT_OBJC_MSGSEND = YES;
				GCC_C_LANGUAGE_STANDARD = gnu99;
				GCC_NO_COMMON_BLOCKS = YES;
				GCC_WARN_64_TO_32_BIT_CONVERSION = YES;
				GCC_WARN_ABOUT_RETURN_TYPE = YES_ERROR;
				GCC_WARN_UNDECLARED_SELECTOR = YES;
				GCC_WARN_UNINITIALIZED_AUTOS = YES_AGGRESSIVE;
				GCC_WARN_UNUSED_FUNCTION = YES;
				GCC_WARN_UNUSED_VARIABLE = YES;
				MACOSX_DEPLOYMENT_TARGET = 10.10;
				MTL_ENABLE_DEBUG_INFO = NO;
				SDKROOT = macosx;
			};
			name = Release;
		};
		91049CA11B4A839400858548 /* Debug */ = {
			isa = XCBuildConfiguration;
			buildSettings = {
				ASSETCATALOG_COMPILER_APPICON_NAME = AppIcon;
				CLANG_ENABLE_OBJC_ARC = YES;
				COMBINE_HIDPI_IMAGES = YES;
				INFOPLIST_FILE = ContentCarousel/Info.plist;
				LD_RUNPATH_SEARCH_PATHS = "$(inherited) @executable_path/../Frameworks";
				MACOSX_DEPLOYMENT_TARGET = 10.10;
				PRODUCT_NAME = "$(TARGET_NAME)";
			};
			name = Debug;
		};
		91049CA21B4A839400858548 /* Release */ = {
			isa = XCBuildConfiguration;
			buildSettings = {
				ASSETCATALOG_COMPILER_APPICON_NAME = AppIcon;
				CLANG_ENABLE_OBJC_ARC = YES;
				COMBINE_HIDPI_IMAGES = YES;
				INFOPLIST_FILE = ContentCarousel/Info.plist;
				LD_RUNPATH_SEARCH_PATHS = "$(inherited) @executable_path/../Frameworks";
				MACOSX_DEPLOYMENT_TARGET = 10.10;
				PRODUCT_NAME = "$(TARGET_NAME)";
			};
			name = Release;
		};
		91049CA41B4A839400858548 /* Debug */ = {
			isa = XCBuildConfiguration;
			buildSettings = {
				BUNDLE_LOADER = "$(TEST_HOST)";
				COMBINE_HIDPI_IMAGES = YES;
				FRAMEWORK_SEARCH_PATHS = (
					"$(DEVELOPER_FRAMEWORKS_DIR)",
					"$(inherited)",
				);
				GCC_PREPROCESSOR_DEFINITIONS = (
					"DEBUG=1",
					"$(inherited)",
				);
				INFOPLIST_FILE = ContentCarouselTests/Info.plist;
				LD_RUNPATH_SEARCH_PATHS = "$(inherited) @executable_path/../Frameworks @loader_path/../Frameworks";
				PRODUCT_NAME = "$(TARGET_NAME)";
				TEST_HOST = "$(BUILT_PRODUCTS_DIR)/ContentCarousel.app/Contents/MacOS/ContentCarousel";
			};
			name = Debug;
		};
		91049CA51B4A839400858548 /* Release */ = {
			isa = XCBuildConfiguration;
			buildSettings = {
				BUNDLE_LOADER = "$(TEST_HOST)";
				COMBINE_HIDPI_IMAGES = YES;
				FRAMEWORK_SEARCH_PATHS = (
					"$(DEVELOPER_FRAMEWORKS_DIR)",
					"$(inherited)",
				);
				INFOPLIST_FILE = ContentCarouselTests/Info.plist;
				LD_RUNPATH_SEARCH_PATHS = "$(inherited) @executable_path/../Frameworks @loader_path/../Frameworks";
				PRODUCT_NAME = "$(TARGET_NAME)";
				TEST_HOST = "$(BUILT_PRODUCTS_DIR)/ContentCarousel.app/Contents/MacOS/ContentCarousel";
			};
			name = Release;
		};
/* End XCBuildConfiguration section */

/* Begin XCConfigurationList section */
		91049C7E1B4A839400858548 /* Build configuration list for PBXProject "ContentCarousel" */ = {
			isa = XCConfigurationList;
			buildConfigurations = (
				91049C9E1B4A839400858548 /* Debug */,
				91049C9F1B4A839400858548 /* Release */,
			);
			defaultConfigurationIsVisible = 0;
			defaultConfigurationName = Release;
		};
		91049CA01B4A839400858548 /* Build configuration list for PBXNativeTarget "ContentCarousel" */ = {
			isa = XCConfigurationList;
			buildConfigurations = (
				91049CA11B4A839400858548 /* Debug */,
				91049CA21B4A839400858548 /* Release */,
			);
			defaultConfigurationIsVisible = 0;
			defaultConfigurationName = Release;
		};
		91049CA31B4A839400858548 /* Build configuration list for PBXNativeTarget "ContentCarouselTests" */ = {
			isa = XCConfigurationList;
			buildConfigurations = (
				91049CA41B4A839400858548 /* Debug */,
				91049CA51B4A839400858548 /* Release */,
			);
			defaultConfigurationIsVisible = 0;
			defaultConfigurationName = Release;
		};
/* End XCConfigurationList section */
	};
	rootObject = 91049C7B1B4A839400858548 /* Project object */;
}
